
Microsoft Visual Studio Solution File, Format Version 12.00
# Visual Studio Version 16
VisualStudioVersion = 16.0.31424.327
MinimumVisualStudioVersion = 10.0.40219.1
Project("{FAE04EC0-301F-11D3-BF4B-00C04F79EFBC}") = "TodoListApp.Android", "TodoListApp.Android\TodoListApp.Android.csproj", "{6B5C202F-41A8-4365-95D2-D471B75B2B1D}"
EndProject
Project("{FAE04EC0-301F-11D3-BF4B-00C04F79EFBC}") = "TodoListApp.iOS", "TodoListApp.iOS\TodoListApp.iOS.csproj", "{731E9DE4-F645-414C-8320-1FBDD4CBEA90}"
EndProject
Project("{FAE04EC0-301F-11D3-BF4B-00C04F79EFBC}") = "TodoListApp", "TodoListApp\TodoListApp.csproj", "{33A97236-3200-45D0-8AB3-13BAB2696626}"
EndProject
Global
	GlobalSection(SolutionConfigurationPlatforms) = preSolution
		Debug|Any CPU = Debug|Any CPU
		Debug|iPhone = Debug|iPhone
		Debug|iPhoneSimulator = Debug|iPhoneSimulator
		Release|Any CPU = Release|Any CPU
		Release|iPhone = Release|iPhone
		Release|iPhoneSimulator = Release|iPhoneSimulator
	EndGlobalSection
	GlobalSection(ProjectConfigurationPlatforms) = postSolution
		{6B5C202F-41A8-4365-95D2-D471B75B2B1D}.Debug|Any CPU.ActiveCfg = Debug|Any CPU
		{6B5C202F-41A8-4365-95D2-D471B75B2B1D}.Debug|Any CPU.Build.0 = Debug|Any CPU
		{6B5C202F-41A8-4365-95D2-D471B75B2B1D}.Debug|Any CPU.Deploy.0 = Debug|Any CPU
		{6B5C202F-41A8-4365-95D2-D471B75B2B1D}.Debug|iPhone.ActiveCfg = Debug|Any CPU
		{6B5C202F-41A8-4365-95D2-D471B75B2B1D}.Debug|iPhone.Build.0 = Debug|Any CPU
		{6B5C202F-41A8-4365-95D2-D471B75B2B1D}.Debug|iPhone.Deploy.0 = Debug|Any CPU
		{6B5C202F-41A8-4365-95D2-D471B75B2B1D}.Debug|iPhoneSimulator.ActiveCfg = Debug|Any CPU
		{6B5C202F-41A8-4365-95D2-D471B75B2B1D}.Debug|iPhoneSimulator.Build.0 = Debug|Any CPU
		{6B5C202F-41A8-4365-95D2-D471B75B2B1D}.Debug|iPhoneSimulator.Deploy.0 = Debug|Any CPU
		{6B5C202F-41A8-4365-95D2-D471B75B2B1D}.Release|Any CPU.ActiveCfg = Release|Any CPU
		{6B5C202F-41A8-4365-95D2-D471B75B2B1D}.Release|Any CPU.Build.0 = Release|Any CPU
		{6B5C202F-41A8-4365-95D2-D471B75B2B1D}.Release|Any CPU.Deploy.0 = Release|Any CPU
		{6B5C202F-41A8-4365-95D2-D471B75B2B1D}.Release|iPhone.ActiveCfg = Release|Any CPU
		{6B5C202F-41A8-4365-95D2-D471B75B2B1D}.Release|iPhone.Build.0 = Release|Any CPU
		{6B5C202F-41A8-4365-95D2-D471B75B2B1D}.Release|iPhone.Deploy.0 = Release|Any CPU
		{6B5C202F-41A8-4365-95D2-D471B75B2B1D}.Release|iPhoneSimulator.ActiveCfg = Release|Any CPU
		{6B5C202F-41A8-4365-95D2-D471B75B2B1D}.Release|iPhoneSimulator.Build.0 = Release|Any CPU
		{6B5C202F-41A8-4365-95D2-D471B75B2B1D}.Release|iPhoneSimulator.Deploy.0 = Release|Any CPU
		{731E9DE4-F645-414C-8320-1FBDD4CBEA90}.Debug|Any CPU.ActiveCfg = Debug|iPhone
		{731E9DE4-F645-414C-8320-1FBDD4CBEA90}.Debug|Any CPU.Build.0 = Debug|iPhone
		{731E9DE4-F645-414C-8320-1FBDD4CBEA90}.Debug|Any CPU.Deploy.0 = Debug|iPhone
		{731E9DE4-F645-414C-8320-1FBDD4CBEA90}.Debug|iPhone.ActiveCfg = Debug|iPhone
		{731E9DE4-F645-414C-8320-1FBDD4CBEA90}.Debug|iPhone.Build.0 = Debug|iPhone
		{731E9DE4-F645-414C-8320-1FBDD4CBEA90}.Debug|iPhone.Deploy.0 = Debug|iPhone
		{731E9DE4-F645-414C-8320-1FBDD4CBEA90}.Debug|iPhoneSimulator.ActiveCfg = Debug|iPhoneSimulator
		{731E9DE4-F645-414C-8320-1FBDD4CBEA90}.Debug|iPhoneSimulator.Build.0 = Debug|iPhoneSimulator
		{731E9DE4-F645-414C-8320-1FBDD4CBEA90}.Debug|iPhoneSimulator.Deploy.0 = Debug|iPhoneSimulator
		{731E9DE4-F645-414C-8320-1FBDD4CBEA90}.Release|Any CPU.ActiveCfg = Release|iPhoneSimulator
		{731E9DE4-F645-414C-8320-1FBDD4CBEA90}.Release|Any CPU.Build.0 = Release|iPhoneSimulator
		{731E9DE4-F645-414C-8320-1FBDD4CBEA90}.Release|Any CPU.Deploy.0 = Release|iPhoneSimulator
		{731E9DE4-F645-414C-8320-1FBDD4CBEA90}.Release|iPhone.ActiveCfg = Release|iPhone
		{731E9DE4-F645-414C-8320-1FBDD4CBEA90}.Release|iPhone.Build.0 = Release|iPhone
		{731E9DE4-F645-414C-8320-1FBDD4CBEA90}.Release|iPhone.Deploy.0 = Release|iPhone
		{731E9DE4-F645-414C-8320-1FBDD4CBEA90}.Release|iPhoneSimulator.ActiveCfg = Release|iPhoneSimulator
		{731E9DE4-F645-414C-8320-1FBDD4CBEA90}.Release|iPhoneSimulator.Build.0 = Release|iPhoneSimulator
		{731E9DE4-F645-414C-8320-1FBDD4CBEA90}.Release|iPhoneSimulator.Deploy.0 = Release|iPhoneSimulator
		{33A97236-3200-45D0-8AB3-13BAB2696626}.Debug|Any CPU.ActiveCfg = Debug|Any CPU
		{33A97236-3200-45D0-8AB3-13BAB2696626}.Debug|Any CPU.Build.0 = Debug|Any CPU
		{33A97236-3200-45D0-8AB3-13BAB2696626}.Debug|Any CPU.Deploy.0 = Debug|Any CPU
		{33A97236-3200-45D0-8AB3-13BAB2696626}.Debug|iPhone.ActiveCfg = Debug|Any CPU
		{33A97236-3200-45D0-8AB3-13BAB2696626}.Debug|iPhone.Build.0 = Debug|Any CPU
		{33A97236-3200-45D0-8AB3-13BAB2696626}.Debug|iPhone.Deploy.0 = Debug|Any CPU
		{33A97236-3200-45D0-8AB3-13BAB2696626}.Debug|iPhoneSimulator.ActiveCfg = Debug|Any CPU
		{33A97236-3200-45D0-8AB3-13BAB2696626}.Debug|iPhoneSimulator.Build.0 = Debug|Any CPU
		{33A97236-3200-45D0-8AB3-13BAB2696626}.Debug|iPhoneSimulator.Deploy.0 = Debug|Any CPU
		{33A97236-3200-45D0-8AB3-13BAB2696626}.Release|Any CPU.ActiveCfg = Release|Any CPU
		{33A97236-3200-45D0-8AB3-13BAB2696626}.Release|Any CPU.Build.0 = Release|Any CPU
		{33A97236-3200-45D0-8AB3-13BAB2696626}.Release|Any CPU.Deploy.0 = Release|Any CPU
		{33A97236-3200-45D0-8AB3-13BAB2696626}.Release|iPhone.ActiveCfg = Release|Any CPU
		{33A97236-3200-45D0-8AB3-13BAB2696626}.Release|iPhone.Build.0 = Release|Any CPU
		{33A97236-3200-45D0-8AB3-13BAB2696626}.Release|iPhone.Deploy.0 = Release|Any CPU
		{33A97236-3200-45D0-8AB3-13BAB2696626}.Release|iPhoneSimulator.ActiveCfg = Release|Any CPU
		{33A97236-3200-45D0-8AB3-13BAB2696626}.Release|iPhoneSimulator.Build.0 = Release|Any CPU
		{33A97236-3200-45D0-8AB3-13BAB2696626}.Release|iPhoneSimulator.Deploy.0 = Release|Any CPU
	EndGlobalSection
	GlobalSection(SolutionProperties) = preSolution
		HideSolutionNode = FALSE
	EndGlobalSection
	GlobalSection(ExtensibilityGlobals) = postSolution
		SolutionGuid = {9CA86418-A02E-4026-9117-CF7209D1FEB7}
	EndGlobalSection
EndGlobal
